
Microsoft Visual Studio Solution File, Format Version 12.00
# Visual Studio 15
VisualStudioVersion = 15.0.28307.168
MinimumVisualStudioVersion = 10.0.40219.1
Project("{F184B08F-C81C-45F6-A57F-5ABD9991F28F}") = "summary", "summary.vbproj", "{38D95B40-C668-4F8C-8CDA-02C8AD74C57D}"
EndProject
Global
	GlobalSection(SolutionConfigurationPlatforms) = preSolution
		Debug|Any CPU = Debug|Any CPU
		Debug|x86 = Debug|x86
		Release|Any CPU = Release|Any CPU
		Release|x86 = Release|x86
	EndGlobalSection
	GlobalSection(ProjectConfigurationPlatforms) = postSolution
		{38D95B40-C668-4F8C-8CDA-02C8AD74C57D}.Debug|Any CPU.ActiveCfg = Debug|Any CPU
		{38D95B40-C668-4F8C-8CDA-02C8AD74C57D}.Debug|Any CPU.Build.0 = Debug|Any CPU
		{38D95B40-C668-4F8C-8CDA-02C8AD74C57D}.Debug|x86.ActiveCfg = Debug|x86
		{38D95B40-C668-4F8C-8CDA-02C8AD74C57D}.Debug|x86.Build.0 = Debug|x86
		{38D95B40-C668-4F8C-8CDA-02C8AD74C57D}.Release|Any CPU.ActiveCfg = Release|Any CPU
		{38D95B40-C668-4F8C-8CDA-02C8AD74C57D}.Release|Any CPU.Build.0 = Release|Any CPU
		{38D95B40-C668-4F8C-8CDA-02C8AD74C57D}.Release|x86.ActiveCfg = Release|x86
		{38D95B40-C668-4F8C-8CDA-02C8AD74C57D}.Release|x86.Build.0 = Release|x86
	EndGlobalSection
	GlobalSection(SolutionProperties) = preSolution
		HideSolutionNode = FALSE
	EndGlobalSection
	GlobalSection(ExtensibilityGlobals) = postSolution
		SolutionGuid = {3035C058-641F-45D9-AAA7-7DD266D22F96}
	EndGlobalSection
EndGlobal
